// !$*UTF8*$!
{
	archiveVersion = 1;
	classes = {
	};
	objectVersion = 46;
	objects = {

/* Begin PBXBuildFile section */
		C20580341B266CD60096EEE2 /* AppDelegate.swift in Sources */ = {isa = PBXBuildFile; fileRef = C20580331B266CD60096EEE2 /* AppDelegate.swift */; };
		C20580361B266CD60096EEE2 /* ViewController.swift in Sources */ = {isa = PBXBuildFile; fileRef = C20580351B266CD60096EEE2 /* ViewController.swift */; };
		C20580391B266CD60096EEE2 /* Main.storyboard in Resources */ = {isa = PBXBuildFile; fileRef = C20580371B266CD60096EEE2 /* Main.storyboard */; };
		C205803B1B266CD60096EEE2 /* Images.xcassets in Resources */ = {isa = PBXBuildFile; fileRef = C205803A1B266CD60096EEE2 /* Images.xcassets */; };
		C205803E1B266CD60096EEE2 /* LaunchScreen.xib in Resources */ = {isa = PBXBuildFile; fileRef = C205803C1B266CD60096EEE2 /* LaunchScreen.xib */; };
		C205804A1B266CD60096EEE2 /* BioAppTests.swift in Sources */ = {isa = PBXBuildFile; fileRef = C20580491B266CD60096EEE2 /* BioAppTests.swift */; };
		C29F49231B28C380006B00E5 /* jack_logo_1.png in Resources */ = {isa = PBXBuildFile; fileRef = C29F49221B28C380006B00E5 /* jack_logo_1.png */; };
		C29F49251B28C727006B00E5 /* jack_logo_2.jpg in Resources */ = {isa = PBXBuildFile; fileRef = C29F49241B28C727006B00E5 /* jack_logo_2.jpg */; };
		C29F49271B28C8C7006B00E5 /* jack_family.png in Resources */ = {isa = PBXBuildFile; fileRef = C29F49261B28C8C7006B00E5 /* jack_family.png */; };
		C29F49291B28CA0E006B00E5 /* jack_image.png in Resources */ = {isa = PBXBuildFile; fileRef = C29F49281B28CA0E006B00E5 /* jack_image.png */; };
		C29F492B1B28CAF8006B00E5 /* jack_coke.png in Resources */ = {isa = PBXBuildFile; fileRef = C29F492A1B28CAF8006B00E5 /* jack_coke.png */; };
		C29F492F1B28CB70006B00E5 /* jack_drink1.png in Resources */ = {isa = PBXBuildFile; fileRef = C29F492C1B28CB70006B00E5 /* jack_drink1.png */; };
		C29F49301B28CB70006B00E5 /* jack_drink2.png in Resources */ = {isa = PBXBuildFile; fileRef = C29F492D1B28CB70006B00E5 /* jack_drink2.png */; };
		C29F49311B28CB70006B00E5 /* jack_drink3.png in Resources */ = {isa = PBXBuildFile; fileRef = C29F492E1B28CB70006B00E5 /* jack_drink3.png */; };
		C29F49331B28CE6E006B00E5 /* jack_old 7.png in Resources */ = {isa = PBXBuildFile; fileRef = C29F49321B28CE6E006B00E5 /* jack_old 7.png */; };
		C29F49351B28CEB1006B00E5 /* jack_fire.png in Resources */ = {isa = PBXBuildFile; fileRef = C29F49341B28CEB1006B00E5 /* jack_fire.png */; };
		C29F49391B28CF9A006B00E5 /* jack_store.png in Resources */ = {isa = PBXBuildFile; fileRef = C29F49361B28CF9A006B00E5 /* jack_store.png */; };
		C29F493A1B28CF9A006B00E5 /* jack_visit_.png in Resources */ = {isa = PBXBuildFile; fileRef = C29F49371B28CF9A006B00E5 /* jack_visit_.png */; };
		C29F493B1B28CF9A006B00E5 /* jack_visitor-center_resize.jpg in Resources */ = {isa = PBXBuildFile; fileRef = C29F49381B28CF9A006B00E5 /* jack_visitor-center_resize.jpg */; };
/* End PBXBuildFile section */

/* Begin PBXContainerItemProxy section */
		C20580441B266CD60096EEE2 /* PBXContainerItemProxy */ = {
			isa = PBXContainerItemProxy;
			containerPortal = C20580261B266CD60096EEE2 /* Project object */;
			proxyType = 1;
			remoteGlobalIDString = C205802D1B266CD60096EEE2;
			remoteInfo = BioApp;
		};
/* End PBXContainerItemProxy section */

/* Begin PBXFileReference section */
		C205802E1B266CD60096EEE2 /* BioApp.app */ = {isa = PBXFileReference; explicitFileType = wrapper.application; includeInIndex = 0; path = BioApp.app; sourceTree = BUILT_PRODUCTS_DIR; };
		C20580321B266CD60096EEE2 /* Info.plist */ = {isa = PBXFileReference; lastKnownFileType = text.plist.xml; path = Info.plist; sourceTree = "<group>"; };
		C20580331B266CD60096EEE2 /* AppDelegate.swift */ = {isa = PBXFileReference; lastKnownFileType = sourcecode.swift; path = AppDelegate.swift; sourceTree = "<group>"; };
		C20580351B266CD60096EEE2 /* ViewController.swift */ = {isa = PBXFileReference; lastKnownFileType = sourcecode.swift; path = ViewController.swift; sourceTree = "<group>"; };
		C20580381B266CD60096EEE2 /* Base */ = {isa = PBXFileReference; lastKnownFileType = file.storyboard; name = Base; path = Base.lproj/Main.storyboard; sourceTree = "<group>"; };
		C205803A1B266CD60096EEE2 /* Images.xcassets */ = {isa = PBXFileReference; lastKnownFileType = folder.assetcatalog; path = Images.xcassets; sourceTree = "<group>"; };
		C205803D1B266CD60096EEE2 /* Base */ = {isa = PBXFileReference; lastKnownFileType = file.xib; name = Base; path = Base.lproj/LaunchScreen.xib; sourceTree = "<group>"; };
		C20580431B266CD60096EEE2 /* BioAppTests.xctest */ = {isa = PBXFileReference; explicitFileType = wrapper.cfbundle; includeInIndex = 0; path = BioAppTests.xctest; sourceTree = BUILT_PRODUCTS_DIR; };
		C20580481B266CD60096EEE2 /* Info.plist */ = {isa = PBXFileReference; lastKnownFileType = text.plist.xml; path = Info.plist; sourceTree = "<group>"; };
		C20580491B266CD60096EEE2 /* BioAppTests.swift */ = {isa = PBXFileReference; lastKnownFileType = sourcecode.swift; path = BioAppTests.swift; sourceTree = "<group>"; };
		C29F49221B28C380006B00E5 /* jack_logo_1.png */ = {isa = PBXFileReference; lastKnownFileType = image.png; path = jack_logo_1.png; sourceTree = "<group>"; };
		C29F49241B28C727006B00E5 /* jack_logo_2.jpg */ = {isa = PBXFileReference; lastKnownFileType = image.jpeg; path = jack_logo_2.jpg; sourceTree = "<group>"; };
		C29F49261B28C8C7006B00E5 /* jack_family.png */ = {isa = PBXFileReference; lastKnownFileType = image.png; path = jack_family.png; sourceTree = "<group>"; };
		C29F49281B28CA0E006B00E5 /* jack_image.png */ = {isa = PBXFileReference; lastKnownFileType = image.png; path = jack_image.png; sourceTree = "<group>"; };
		C29F492A1B28CAF8006B00E5 /* jack_coke.png */ = {isa = PBXFileReference; lastKnownFileType = image.png; path = jack_coke.png; sourceTree = "<group>"; };
		C29F492C1B28CB70006B00E5 /* jack_drink1.png */ = {isa = PBXFileReference; lastKnownFileType = image.png; path = jack_drink1.png; sourceTree = "<group>"; };
		C29F492D1B28CB70006B00E5 /* jack_drink2.png */ = {isa = PBXFileReference; lastKnownFileType = image.png; path = jack_drink2.png; sourceTree = "<group>"; };
		C29F492E1B28CB70006B00E5 /* jack_drink3.png */ = {isa = PBXFileReference; lastKnownFileType = image.png; path = jack_drink3.png; sourceTree = "<group>"; };
		C29F49321B28CE6E006B00E5 /* jack_old 7.png */ = {isa = PBXFileReference; lastKnownFileType = image.png; path = "jack_old 7.png"; sourceTree = "<group>"; };
		C29F49341B28CEB1006B00E5 /* jack_fire.png */ = {isa = PBXFileReference; lastKnownFileType = image.png; path = jack_fire.png; sourceTree = "<group>"; };
		C29F49361B28CF9A006B00E5 /* jack_store.png */ = {isa = PBXFileReference; lastKnownFileType = image.png; path = jack_store.png; sourceTree = "<group>"; };
		C29F49371B28CF9A006B00E5 /* jack_visit_.png */ = {isa = PBXFileReference; lastKnownFileType = image.png; path = jack_visit_.png; sourceTree = "<group>"; };
		C29F49381B28CF9A006B00E5 /* jack_visitor-center_resize.jpg */ = {isa = PBXFileReference; lastKnownFileType = image.jpeg; path = "jack_visitor-center_resize.jpg"; sourceTree = "<group>"; };
/* End PBXFileReference section */

/* Begin PBXFrameworksBuildPhase section */
		C205802B1B266CD60096EEE2 /* Frameworks */ = {
			isa = PBXFrameworksBuildPhase;
			buildActionMask = 2147483647;
			files = (
			);
			runOnlyForDeploymentPostprocessing = 0;
		};
		C20580401B266CD60096EEE2 /* Frameworks */ = {
			isa = PBXFrameworksBuildPhase;
			buildActionMask = 2147483647;
			files = (
			);
			runOnlyForDeploymentPostprocessing = 0;
		};
/* End PBXFrameworksBuildPhase section */

/* Begin PBXGroup section */
		C20580251B266CD60096EEE2 = {
			isa = PBXGroup;
			children = (
				C29F49361B28CF9A006B00E5 /* jack_store.png */,
				C29F49371B28CF9A006B00E5 /* jack_visit_.png */,
				C29F49381B28CF9A006B00E5 /* jack_visitor-center_resize.jpg */,
				C29F49341B28CEB1006B00E5 /* jack_fire.png */,
				C29F49321B28CE6E006B00E5 /* jack_old 7.png */,
				C29F492C1B28CB70006B00E5 /* jack_drink1.png */,
				C29F492D1B28CB70006B00E5 /* jack_drink2.png */,
				C29F492E1B28CB70006B00E5 /* jack_drink3.png */,
				C29F492A1B28CAF8006B00E5 /* jack_coke.png */,
				C29F49281B28CA0E006B00E5 /* jack_image.png */,
				C29F49261B28C8C7006B00E5 /* jack_family.png */,
				C29F49241B28C727006B00E5 /* jack_logo_2.jpg */,
				C29F49221B28C380006B00E5 /* jack_logo_1.png */,
				C20580301B266CD60096EEE2 /* BioApp */,
				C20580461B266CD60096EEE2 /* BioAppTests */,
				C205802F1B266CD60096EEE2 /* Products */,
			);
			sourceTree = "<group>";
		};
		C205802F1B266CD60096EEE2 /* Products */ = {
			isa = PBXGroup;
			children = (
				C205802E1B266CD60096EEE2 /* BioApp.app */,
				C20580431B266CD60096EEE2 /* BioAppTests.xctest */,
			);
			name = Products;
			sourceTree = "<group>";
		};
		C20580301B266CD60096EEE2 /* BioApp */ = {
			isa = PBXGroup;
			children = (
				C20580331B266CD60096EEE2 /* AppDelegate.swift */,
				C20580351B266CD60096EEE2 /* ViewController.swift */,
				C20580371B266CD60096EEE2 /* Main.storyboard */,
				C205803A1B266CD60096EEE2 /* Images.xcassets */,
				C205803C1B266CD60096EEE2 /* LaunchScreen.xib */,
				C20580311B266CD60096EEE2 /* Supporting Files */,
			);
			path = BioApp;
			sourceTree = "<group>";
		};
		C20580311B266CD60096EEE2 /* Supporting Files */ = {
			isa = PBXGroup;
			children = (
				C20580321B266CD60096EEE2 /* Info.plist */,
			);
			name = "Supporting Files";
			sourceTree = "<group>";
		};
		C20580461B266CD60096EEE2 /* BioAppTests */ = {
			isa = PBXGroup;
			children = (
				C20580491B266CD60096EEE2 /* BioAppTests.swift */,
				C20580471B266CD60096EEE2 /* Supporting Files */,
			);
			path = BioAppTests;
			sourceTree = "<group>";
		};
		C20580471B266CD60096EEE2 /* Supporting Files */ = {
			isa = PBXGroup;
			children = (
				C20580481B266CD60096EEE2 /* Info.plist */,
			);
			name = "Supporting Files";
			sourceTree = "<group>";
		};
/* End PBXGroup section */

/* Begin PBXNativeTarget section */
		C205802D1B266CD60096EEE2 /* BioApp */ = {
			isa = PBXNativeTarget;
			buildConfigurationList = C205804D1B266CD60096EEE2 /* Build configuration list for PBXNativeTarget "BioApp" */;
			buildPhases = (
				C205802A1B266CD60096EEE2 /* Sources */,
				C205802B1B266CD60096EEE2 /* Frameworks */,
				C205802C1B266CD60096EEE2 /* Resources */,
			);
			buildRules = (
			);
			dependencies = (
			);
			name = BioApp;
			productName = BioApp;
			productReference = C205802E1B266CD60096EEE2 /* BioApp.app */;
			productType = "com.apple.product-type.application";
		};
		C20580421B266CD60096EEE2 /* BioAppTests */ = {
			isa = PBXNativeTarget;
			buildConfigurationList = C20580501B266CD60096EEE2 /* Build configuration list for PBXNativeTarget "BioAppTests" */;
			buildPhases = (
				C205803F1B266CD60096EEE2 /* Sources */,
				C20580401B266CD60096EEE2 /* Frameworks */,
				C20580411B266CD60096EEE2 /* Resources */,
			);
			buildRules = (
			);
			dependencies = (
				C20580451B266CD60096EEE2 /* PBXTargetDependency */,
			);
			name = BioAppTests;
			productName = BioAppTests;
			productReference = C20580431B266CD60096EEE2 /* BioAppTests.xctest */;
			productType = "com.apple.product-type.bundle.unit-test";
		};
/* End PBXNativeTarget section */

/* Begin PBXProject section */
		C20580261B266CD60096EEE2 /* Project object */ = {
			isa = PBXProject;
			attributes = {
				LastUpgradeCheck = 0630;
				ORGANIZATIONNAME = "Bruno Villela";
				TargetAttributes = {
					C205802D1B266CD60096EEE2 = {
						CreatedOnToolsVersion = 6.3.2;
					};
					C20580421B266CD60096EEE2 = {
						CreatedOnToolsVersion = 6.3.2;
						TestTargetID = C205802D1B266CD60096EEE2;
					};
				};
			};
			buildConfigurationList = C20580291B266CD60096EEE2 /* Build configuration list for PBXProject "BioApp" */;
			compatibilityVersion = "Xcode 3.2";
			developmentRegion = English;
			hasScannedForEncodings = 0;
			knownRegions = (
				en,
				Base,
			);
			mainGroup = C20580251B266CD60096EEE2;
			productRefGroup = C205802F1B266CD60096EEE2 /* Products */;
			projectDirPath = "";
			projectRoot = "";
			targets = (
				C205802D1B266CD60096EEE2 /* BioApp */,
				C20580421B266CD60096EEE2 /* BioAppTests */,
			);
		};
/* End PBXProject section */

/* Begin PBXResourcesBuildPhase section */
		C205802C1B266CD60096EEE2 /* Resources */ = {
			isa = PBXResourcesBuildPhase;
			buildActionMask = 2147483647;
			files = (
				C29F492F1B28CB70006B00E5 /* jack_drink1.png in Resources */,
				C29F49271B28C8C7006B00E5 /* jack_family.png in Resources */,
				C29F49391B28CF9A006B00E5 /* jack_store.png in Resources */,
				C29F49301B28CB70006B00E5 /* jack_drink2.png in Resources */,
				C29F493B1B28CF9A006B00E5 /* jack_visitor-center_resize.jpg in Resources */,
				C29F49331B28CE6E006B00E5 /* jack_old 7.png in Resources */,
				C29F49251B28C727006B00E5 /* jack_logo_2.jpg in Resources */,
				C29F492B1B28CAF8006B00E5 /* jack_coke.png in Resources */,
				C20580391B266CD60096EEE2 /* Main.storyboard in Resources */,
				C205803E1B266CD60096EEE2 /* LaunchScreen.xib in Resources */,
				C29F49311B28CB70006B00E5 /* jack_drink3.png in Resources */,
				C29F493A1B28CF9A006B00E5 /* jack_visit_.png in Resources */,
				C205803B1B266CD60096EEE2 /* Images.xcassets in Resources */,
				C29F49291B28CA0E006B00E5 /* jack_image.png in Resources */,
				C29F49351B28CEB1006B00E5 /* jack_fire.png in Resources */,
				C29F49231B28C380006B00E5 /* jack_logo_1.png in Resources */,
			);
			runOnlyForDeploymentPostprocessing = 0;
		};
		C20580411B266CD60096EEE2 /* Resources */ = {
			isa = PBXResourcesBuildPhase;
			buildActionMask = 2147483647;
			files = (
			);
			runOnlyForDeploymentPostprocessing = 0;
		};
/* End PBXResourcesBuildPhase section */

/* Begin PBXSourcesBuildPhase section */
		C205802A1B266CD60096EEE2 /* Sources */ = {
			isa = PBXSourcesBuildPhase;
			buildActionMask = 2147483647;
			files = (
				C20580361B266CD60096EEE2 /* ViewController.swift in Sources */,
				C20580341B266CD60096EEE2 /* AppDelegate.swift in Sources */,
			);
			runOnlyForDeploymentPostprocessing = 0;
		};
		C205803F1B266CD60096EEE2 /* Sources */ = {
			isa = PBXSourcesBuildPhase;
			buildActionMask = 2147483647;
			files = (
				C205804A1B266CD60096EEE2 /* BioAppTests.swift in Sources */,
			);
			runOnlyForDeploymentPostprocessing = 0;
		};
/* End PBXSourcesBuildPhase section */

/* Begin PBXTargetDependency section */
		C20580451B266CD60096EEE2 /* PBXTargetDependency */ = {
			isa = PBXTargetDependency;
			target = C205802D1B266CD60096EEE2 /* BioApp */;
			targetProxy = C20580441B266CD60096EEE2 /* PBXContainerItemProxy */;
		};
/* End PBXTargetDependency section */

/* Begin PBXVariantGroup section */
		C20580371B266CD60096EEE2 /* Main.storyboard */ = {
			isa = PBXVariantGroup;
			children = (
				C20580381B266CD60096EEE2 /* Base */,
			);
			name = Main.storyboard;
			sourceTree = "<group>";
		};
		C205803C1B266CD60096EEE2 /* LaunchScreen.xib */ = {
			isa = PBXVariantGroup;
			children = (
				C205803D1B266CD60096EEE2 /* Base */,
			);
			name = LaunchScreen.xib;
			sourceTree = "<group>";
		};
/* End PBXVariantGroup section */

/* Begin XCBuildConfiguration section */
		C205804B1B266CD60096EEE2 /* Debug */ = {
			isa = XCBuildConfiguration;
			buildSettings = {
				ALWAYS_SEARCH_USER_PATHS = NO;
				CLANG_CXX_LANGUAGE_STANDARD = "gnu++0x";
				CLANG_CXX_LIBRARY = "libc++";
				CLANG_ENABLE_MODULES = YES;
				CLANG_ENABLE_OBJC_ARC = YES;
				CLANG_WARN_BOOL_CONVERSION = YES;
				CLANG_WARN_CONSTANT_CONVERSION = YES;
				CLANG_WARN_DIRECT_OBJC_ISA_USAGE = YES_ERROR;
				CLANG_WARN_EMPTY_BODY = YES;
				CLANG_WARN_ENUM_CONVERSION = YES;
				CLANG_WARN_INT_CONVERSION = YES;
				CLANG_WARN_OBJC_ROOT_CLASS = YES_ERROR;
				CLANG_WARN_UNREACHABLE_CODE = YES;
				CLANG_WARN__DUPLICATE_METHOD_MATCH = YES;
				"CODE_SIGN_IDENTITY[sdk=iphoneos*]" = "iPhone Developer";
				COPY_PHASE_STRIP = NO;
				DEBUG_INFORMATION_FORMAT = "dwarf-with-dsym";
				ENABLE_STRICT_OBJC_MSGSEND = YES;
				GCC_C_LANGUAGE_STANDARD = gnu99;
				GCC_DYNAMIC_NO_PIC = NO;
				GCC_NO_COMMON_BLOCKS = YES;
				GCC_OPTIMIZATION_LEVEL = 0;
				GCC_PREPROCESSOR_DEFINITIONS = (
					"DEBUG=1",
					"$(inherited)",
				);
				GCC_SYMBOLS_PRIVATE_EXTERN = NO;
				GCC_WARN_64_TO_32_BIT_CONVERSION = YES;
				GCC_WARN_ABOUT_RETURN_TYPE = YES_ERROR;
				GCC_WARN_UNDECLARED_SELECTOR = YES;
				GCC_WARN_UNINITIALIZED_AUTOS = YES_AGGRESSIVE;
				GCC_WARN_UNUSED_FUNCTION = YES;
				GCC_WARN_UNUSED_VARIABLE = YES;
				IPHONEOS_DEPLOYMENT_TARGET = 8.3;
				MTL_ENABLE_DEBUG_INFO = YES;
				ONLY_ACTIVE_ARCH = YES;
				SDKROOT = iphoneos;
				SWIFT_OPTIMIZATION_LEVEL = "-Onone";
			};
			name = Debug;
		};
		C205804C1B266CD60096EEE2 /* Release */ = {
			isa = XCBuildConfiguration;
			buildSettings = {
				ALWAYS_SEARCH_USER_PATHS = NO;
				CLANG_CXX_LANGUAGE_STANDARD = "gnu++0x";
				CLANG_CXX_LIBRARY = "libc++";
				CLANG_ENABLE_MODULES = YES;
				CLANG_ENABLE_OBJC_ARC = YES;
				CLANG_WARN_BOOL_CONVERSION = YES;
				CLANG_WARN_CONSTANT_CONVERSION = YES;
				CLANG_WARN_DIRECT_OBJC_ISA_USAGE = YES_ERROR;
				CLANG_WARN_EMPTY_BODY = YES;
				CLANG_WARN_ENUM_CONVERSION = YES;
				CLANG_WARN_INT_CONVERSION = YES;
				CLANG_WARN_OBJC_ROOT_CLASS = YES_ERROR;
				CLANG_WARN_UNREACHABLE_CODE = YES;
				CLANG_WARN__DUPLICATE_METHOD_MATCH = YES;
				"CODE_SIGN_IDENTITY[sdk=iphoneos*]" = "iPhone Developer";
				COPY_PHASE_STRIP = NO;
				DEBUG_INFORMATION_FORMAT = "dwarf-with-dsym";
				ENABLE_NS_ASSERTIONS = NO;
				ENABLE_STRICT_OBJC_MSGSEND = YES;
				GCC_C_LANGUAGE_STANDARD = gnu99;
				GCC_NO_COMMON_BLOCKS = YES;
				GCC_WARN_64_TO_32_BIT_CONVERSION = YES;
				GCC_WARN_ABOUT_RETURN_TYPE = YES_ERROR;
				GCC_WARN_UNDECLARED_SELECTOR = YES;
				GCC_WARN_UNINITIALIZED_AUTOS = YES_AGGRESSIVE;
				GCC_WARN_UNUSED_FUNCTION = YES;
				GCC_WARN_UNUSED_VARIABLE = YES;
				IPHONEOS_DEPLOYMENT_TARGET = 8.3;
				MTL_ENABLE_DEBUG_INFO = NO;
				SDKROOT = iphoneos;
				VALIDATE_PRODUCT = YES;
			};
			name = Release;
		};
		C205804E1B266CD60096EEE2 /* Debug */ = {
			isa = XCBuildConfiguration;
			buildSettings = {
				ASSETCATALOG_COMPILER_APPICON_NAME = AppIcon;
				INFOPLIST_FILE = BioApp/Info.plist;
				LD_RUNPATH_SEARCH_PATHS = "$(inherited) @executable_path/Frameworks";
				PRODUCT_NAME = "$(TARGET_NAME)";
			};
			name = Debug;
		};
		C205804F1B266CD60096EEE2 /* Release */ = {
			isa = XCBuildConfiguration;
			buildSettings = {
				ASSETCATALOG_COMPILER_APPICON_NAME = AppIcon;
				INFOPLIST_FILE = BioApp/Info.plist;
				LD_RUNPATH_SEARCH_PATHS = "$(inherited) @executable_path/Frameworks";
				PRODUCT_NAME = "$(TARGET_NAME)";
			};
			name = Release;
		};
		C20580511B266CD60096EEE2 /* Debug */ = {
			isa = XCBuildConfiguration;
			buildSettings = {
				BUNDLE_LOADER = "$(TEST_HOST)";
				FRAMEWORK_SEARCH_PATHS = (
					"$(SDKROOT)/Developer/Library/Frameworks",
					"$(inherited)",
				);
				GCC_PREPROCESSOR_DEFINITIONS = (
					"DEBUG=1",
					"$(inherited)",
				);
				INFOPLIST_FILE = BioAppTests/Info.plist;
				LD_RUNPATH_SEARCH_PATHS = "$(inherited) @executable_path/Frameworks @loader_path/Frameworks";
				PRODUCT_NAME = "$(TARGET_NAME)";
				TEST_HOST = "$(BUILT_PRODUCTS_DIR)/BioApp.app/BioApp";
			};
			name = Debug;
		};
		C20580521B266CD60096EEE2 /* Release */ = {
			isa = XCBuildConfiguration;
			buildSettings = {
				BUNDLE_LOADER = "$(TEST_HOST)";
				FRAMEWORK_SEARCH_PATHS = (
					"$(SDKROOT)/Developer/Library/Frameworks",
					"$(inherited)",
				);
				INFOPLIST_FILE = BioAppTests/Info.plist;
				LD_RUNPATH_SEARCH_PATHS = "$(inherited) @executable_path/Frameworks @loader_path/Frameworks";
				PRODUCT_NAME = "$(TARGET_NAME)";
				TEST_HOST = "$(BUILT_PRODUCTS_DIR)/BioApp.app/BioApp";
			};
			name = Release;
		};
/* End XCBuildConfiguration section */

/* Begin XCConfigurationList section */
		C20580291B266CD60096EEE2 /* Build configuration list for PBXProject "BioApp" */ = {
			isa = XCConfigurationList;
			buildConfigurations = (
				C205804B1B266CD60096EEE2 /* Debug */,
				C205804C1B266CD60096EEE2 /* Release */,
			);
			defaultConfigurationIsVisible = 0;
			defaultConfigurationName = Release;
		};
		C205804D1B266CD60096EEE2 /* Build configuration list for PBXNativeTarget "BioApp" */ = {
			isa = XCConfigurationList;
			buildConfigurations = (
				C205804E1B266CD60096EEE2 /* Debug */,
				C205804F1B266CD60096EEE2 /* Release */,
			);
			defaultConfigurationIsVisible = 0;
			defaultConfigurationName = Release;
		};
		C20580501B266CD60096EEE2 /* Build configuration list for PBXNativeTarget "BioAppTests" */ = {
			isa = XCConfigurationList;
			buildConfigurations = (
				C20580511B266CD60096EEE2 /* Debug */,
				C20580521B266CD60096EEE2 /* Release */,
			);
			defaultConfigurationIsVisible = 0;
			defaultConfigurationName = Release;
		};
/* End XCConfigurationList section */
	};
	rootObject = C20580261B266CD60096EEE2 /* Project object */;
}
