// !$*UTF8*$!
{
	archiveVersion = 1;
	classes = {
	};
	objectVersion = 46;
	objects = {

/* Begin PBXBuildFile section */
		C20580041B2661CB0096EEE2 /* AppDelegate.swift in Sources */ = {isa = PBXBuildFile; fileRef = C20580031B2661CB0096EEE2 /* AppDelegate.swift */; };
		C20580061B2661CB0096EEE2 /* ViewController.swift in Sources */ = {isa = PBXBuildFile; fileRef = C20580051B2661CB0096EEE2 /* ViewController.swift */; };
		C20580091B2661CB0096EEE2 /* Main.storyboard in Resources */ = {isa = PBXBuildFile; fileRef = C20580071B2661CB0096EEE2 /* Main.storyboard */; };
		C205800B1B2661CB0096EEE2 /* Images.xcassets in Resources */ = {isa = PBXBuildFile; fileRef = C205800A1B2661CB0096EEE2 /* Images.xcassets */; };
		C205800E1B2661CB0096EEE2 /* LaunchScreen.xib in Resources */ = {isa = PBXBuildFile; fileRef = C205800C1B2661CB0096EEE2 /* LaunchScreen.xib */; };
		C205801A1B2661CC0096EEE2 /* App_IphoneTests.swift in Sources */ = {isa = PBXBuildFile; fileRef = C20580191B2661CC0096EEE2 /* App_IphoneTests.swift */; };
		C20580241B2667BC0096EEE2 /* ga-logo.jpg in Resources */ = {isa = PBXBuildFile; fileRef = C20580231B2667BC0096EEE2 /* ga-logo.jpg */; };
/* End PBXBuildFile section */

/* Begin PBXContainerItemProxy section */
		C20580141B2661CC0096EEE2 /* PBXContainerItemProxy */ = {
			isa = PBXContainerItemProxy;
			containerPortal = C2057FF61B2661CB0096EEE2 /* Project object */;
			proxyType = 1;
			remoteGlobalIDString = C2057FFD1B2661CB0096EEE2;
			remoteInfo = "App Iphone";
		};
/* End PBXContainerItemProxy section */

/* Begin PBXFileReference section */
		C2057FFE1B2661CB0096EEE2 /* App Iphone.app */ = {isa = PBXFileReference; explicitFileType = wrapper.application; includeInIndex = 0; path = "App Iphone.app"; sourceTree = BUILT_PRODUCTS_DIR; };
		C20580021B2661CB0096EEE2 /* Info.plist */ = {isa = PBXFileReference; lastKnownFileType = text.plist.xml; path = Info.plist; sourceTree = "<group>"; };
		C20580031B2661CB0096EEE2 /* AppDelegate.swift */ = {isa = PBXFileReference; lastKnownFileType = sourcecode.swift; path = AppDelegate.swift; sourceTree = "<group>"; };
		C20580051B2661CB0096EEE2 /* ViewController.swift */ = {isa = PBXFileReference; lastKnownFileType = sourcecode.swift; path = ViewController.swift; sourceTree = "<group>"; };
		C20580081B2661CB0096EEE2 /* Base */ = {isa = PBXFileReference; lastKnownFileType = file.storyboard; name = Base; path = Base.lproj/Main.storyboard; sourceTree = "<group>"; };
		C205800A1B2661CB0096EEE2 /* Images.xcassets */ = {isa = PBXFileReference; lastKnownFileType = folder.assetcatalog; path = Images.xcassets; sourceTree = "<group>"; };
		C205800D1B2661CB0096EEE2 /* Base */ = {isa = PBXFileReference; lastKnownFileType = file.xib; name = Base; path = Base.lproj/LaunchScreen.xib; sourceTree = "<group>"; };
		C20580131B2661CC0096EEE2 /* App IphoneTests.xctest */ = {isa = PBXFileReference; explicitFileType = wrapper.cfbundle; includeInIndex = 0; path = "App IphoneTests.xctest"; sourceTree = BUILT_PRODUCTS_DIR; };
		C20580181B2661CC0096EEE2 /* Info.plist */ = {isa = PBXFileReference; lastKnownFileType = text.plist.xml; path = Info.plist; sourceTree = "<group>"; };
		C20580191B2661CC0096EEE2 /* App_IphoneTests.swift */ = {isa = PBXFileReference; lastKnownFileType = sourcecode.swift; path = App_IphoneTests.swift; sourceTree = "<group>"; };
		C20580231B2667BC0096EEE2 /* ga-logo.jpg */ = {isa = PBXFileReference; lastKnownFileType = image.jpeg; name = "ga-logo.jpg"; path = "../../../../../../ga-logo.jpg"; sourceTree = "<group>"; };
/* End PBXFileReference section */

/* Begin PBXFrameworksBuildPhase section */
		C2057FFB1B2661CB0096EEE2 /* Frameworks */ = {
			isa = PBXFrameworksBuildPhase;
			buildActionMask = 2147483647;
			files = (
			);
			runOnlyForDeploymentPostprocessing = 0;
		};
		C20580101B2661CC0096EEE2 /* Frameworks */ = {
			isa = PBXFrameworksBuildPhase;
			buildActionMask = 2147483647;
			files = (
			);
			runOnlyForDeploymentPostprocessing = 0;
		};
/* End PBXFrameworksBuildPhase section */

/* Begin PBXGroup section */
		C2057FF51B2661CB0096EEE2 = {
			isa = PBXGroup;
			children = (
				C20580001B2661CB0096EEE2 /* App Iphone */,
				C20580161B2661CC0096EEE2 /* App IphoneTests */,
				C2057FFF1B2661CB0096EEE2 /* Products */,
			);
			sourceTree = "<group>";
		};
		C2057FFF1B2661CB0096EEE2 /* Products */ = {
			isa = PBXGroup;
			children = (
				C2057FFE1B2661CB0096EEE2 /* App Iphone.app */,
				C20580131B2661CC0096EEE2 /* App IphoneTests.xctest */,
			);
			name = Products;
			sourceTree = "<group>";
		};
		C20580001B2661CB0096EEE2 /* App Iphone */ = {
			isa = PBXGroup;
			children = (
				C20580031B2661CB0096EEE2 /* AppDelegate.swift */,
				C20580051B2661CB0096EEE2 /* ViewController.swift */,
				C20580071B2661CB0096EEE2 /* Main.storyboard */,
				C20580231B2667BC0096EEE2 /* ga-logo.jpg */,
				C205800A1B2661CB0096EEE2 /* Images.xcassets */,
				C205800C1B2661CB0096EEE2 /* LaunchScreen.xib */,
				C20580011B2661CB0096EEE2 /* Supporting Files */,
			);
			path = "App Iphone";
			sourceTree = "<group>";
		};
		C20580011B2661CB0096EEE2 /* Supporting Files */ = {
			isa = PBXGroup;
			children = (
				C20580021B2661CB0096EEE2 /* Info.plist */,
			);
			name = "Supporting Files";
			sourceTree = "<group>";
		};
		C20580161B2661CC0096EEE2 /* App IphoneTests */ = {
			isa = PBXGroup;
			children = (
				C20580191B2661CC0096EEE2 /* App_IphoneTests.swift */,
				C20580171B2661CC0096EEE2 /* Supporting Files */,
			);
			path = "App IphoneTests";
			sourceTree = "<group>";
		};
		C20580171B2661CC0096EEE2 /* Supporting Files */ = {
			isa = PBXGroup;
			children = (
				C20580181B2661CC0096EEE2 /* Info.plist */,
			);
			name = "Supporting Files";
			sourceTree = "<group>";
		};
/* End PBXGroup section */

/* Begin PBXNativeTarget section */
		C2057FFD1B2661CB0096EEE2 /* App Iphone */ = {
			isa = PBXNativeTarget;
			buildConfigurationList = C205801D1B2661CC0096EEE2 /* Build configuration list for PBXNativeTarget "App Iphone" */;
			buildPhases = (
				C2057FFA1B2661CB0096EEE2 /* Sources */,
				C2057FFB1B2661CB0096EEE2 /* Frameworks */,
				C2057FFC1B2661CB0096EEE2 /* Resources */,
			);
			buildRules = (
			);
			dependencies = (
			);
			name = "App Iphone";
			productName = "App Iphone";
			productReference = C2057FFE1B2661CB0096EEE2 /* App Iphone.app */;
			productType = "com.apple.product-type.application";
		};
		C20580121B2661CC0096EEE2 /* App IphoneTests */ = {
			isa = PBXNativeTarget;
			buildConfigurationList = C20580201B2661CC0096EEE2 /* Build configuration list for PBXNativeTarget "App IphoneTests" */;
			buildPhases = (
				C205800F1B2661CC0096EEE2 /* Sources */,
				C20580101B2661CC0096EEE2 /* Frameworks */,
				C20580111B2661CC0096EEE2 /* Resources */,
			);
			buildRules = (
			);
			dependencies = (
				C20580151B2661CC0096EEE2 /* PBXTargetDependency */,
			);
			name = "App IphoneTests";
			productName = "App IphoneTests";
			productReference = C20580131B2661CC0096EEE2 /* App IphoneTests.xctest */;
			productType = "com.apple.product-type.bundle.unit-test";
		};
/* End PBXNativeTarget section */

/* Begin PBXProject section */
		C2057FF61B2661CB0096EEE2 /* Project object */ = {
			isa = PBXProject;
			attributes = {
				LastUpgradeCheck = 0630;
				ORGANIZATIONNAME = "Bruno Villela";
				TargetAttributes = {
					C2057FFD1B2661CB0096EEE2 = {
						CreatedOnToolsVersion = 6.3.2;
					};
					C20580121B2661CC0096EEE2 = {
						CreatedOnToolsVersion = 6.3.2;
						TestTargetID = C2057FFD1B2661CB0096EEE2;
					};
				};
			};
			buildConfigurationList = C2057FF91B2661CB0096EEE2 /* Build configuration list for PBXProject "App Iphone" */;
			compatibilityVersion = "Xcode 3.2";
			developmentRegion = English;
			hasScannedForEncodings = 0;
			knownRegions = (
				en,
				Base,
			);
			mainGroup = C2057FF51B2661CB0096EEE2;
			productRefGroup = C2057FFF1B2661CB0096EEE2 /* Products */;
			projectDirPath = "";
			projectRoot = "";
			targets = (
				C2057FFD1B2661CB0096EEE2 /* App Iphone */,
				C20580121B2661CC0096EEE2 /* App IphoneTests */,
			);
		};
/* End PBXProject section */

/* Begin PBXResourcesBuildPhase section */
		C2057FFC1B2661CB0096EEE2 /* Resources */ = {
			isa = PBXResourcesBuildPhase;
			buildActionMask = 2147483647;
			files = (
				C20580241B2667BC0096EEE2 /* ga-logo.jpg in Resources */,
				C20580091B2661CB0096EEE2 /* Main.storyboard in Resources */,
				C205800E1B2661CB0096EEE2 /* LaunchScreen.xib in Resources */,
				C205800B1B2661CB0096EEE2 /* Images.xcassets in Resources */,
			);
			runOnlyForDeploymentPostprocessing = 0;
		};
		C20580111B2661CC0096EEE2 /* Resources */ = {
			isa = PBXResourcesBuildPhase;
			buildActionMask = 2147483647;
			files = (
			);
			runOnlyForDeploymentPostprocessing = 0;
		};
/* End PBXResourcesBuildPhase section */

/* Begin PBXSourcesBuildPhase section */
		C2057FFA1B2661CB0096EEE2 /* Sources */ = {
			isa = PBXSourcesBuildPhase;
			buildActionMask = 2147483647;
			files = (
				C20580061B2661CB0096EEE2 /* ViewController.swift in Sources */,
				C20580041B2661CB0096EEE2 /* AppDelegate.swift in Sources */,
			);
			runOnlyForDeploymentPostprocessing = 0;
		};
		C205800F1B2661CC0096EEE2 /* Sources */ = {
			isa = PBXSourcesBuildPhase;
			buildActionMask = 2147483647;
			files = (
				C205801A1B2661CC0096EEE2 /* App_IphoneTests.swift in Sources */,
			);
			runOnlyForDeploymentPostprocessing = 0;
		};
/* End PBXSourcesBuildPhase section */

/* Begin PBXTargetDependency section */
		C20580151B2661CC0096EEE2 /* PBXTargetDependency */ = {
			isa = PBXTargetDependency;
			target = C2057FFD1B2661CB0096EEE2 /* App Iphone */;
			targetProxy = C20580141B2661CC0096EEE2 /* PBXContainerItemProxy */;
		};
/* End PBXTargetDependency section */

/* Begin PBXVariantGroup section */
		C20580071B2661CB0096EEE2 /* Main.storyboard */ = {
			isa = PBXVariantGroup;
			children = (
				C20580081B2661CB0096EEE2 /* Base */,
			);
			name = Main.storyboard;
			sourceTree = "<group>";
		};
		C205800C1B2661CB0096EEE2 /* LaunchScreen.xib */ = {
			isa = PBXVariantGroup;
			children = (
				C205800D1B2661CB0096EEE2 /* Base */,
			);
			name = LaunchScreen.xib;
			sourceTree = "<group>";
		};
/* End PBXVariantGroup section */

/* Begin XCBuildConfiguration section */
		C205801B1B2661CC0096EEE2 /* Debug */ = {
			isa = XCBuildConfiguration;
			buildSettings = {
				ALWAYS_SEARCH_USER_PATHS = NO;
				CLANG_CXX_LANGUAGE_STANDARD = "gnu++0x";
				CLANG_CXX_LIBRARY = "libc++";
				CLANG_ENABLE_MODULES = YES;
				CLANG_ENABLE_OBJC_ARC = YES;
				CLANG_WARN_BOOL_CONVERSION = YES;
				CLANG_WARN_CONSTANT_CONVERSION = YES;
				CLANG_WARN_DIRECT_OBJC_ISA_USAGE = YES_ERROR;
				CLANG_WARN_EMPTY_BODY = YES;
				CLANG_WARN_ENUM_CONVERSION = YES;
				CLANG_WARN_INT_CONVERSION = YES;
				CLANG_WARN_OBJC_ROOT_CLASS = YES_ERROR;
				CLANG_WARN_UNREACHABLE_CODE = YES;
				CLANG_WARN__DUPLICATE_METHOD_MATCH = YES;
				"CODE_SIGN_IDENTITY[sdk=iphoneos*]" = "iPhone Developer";
				COPY_PHASE_STRIP = NO;
				DEBUG_INFORMATION_FORMAT = "dwarf-with-dsym";
				ENABLE_STRICT_OBJC_MSGSEND = YES;
				GCC_C_LANGUAGE_STANDARD = gnu99;
				GCC_DYNAMIC_NO_PIC = NO;
				GCC_NO_COMMON_BLOCKS = YES;
				GCC_OPTIMIZATION_LEVEL = 0;
				GCC_PREPROCESSOR_DEFINITIONS = (
					"DEBUG=1",
					"$(inherited)",
				);
				GCC_SYMBOLS_PRIVATE_EXTERN = NO;
				GCC_WARN_64_TO_32_BIT_CONVERSION = YES;
				GCC_WARN_ABOUT_RETURN_TYPE = YES_ERROR;
				GCC_WARN_UNDECLARED_SELECTOR = YES;
				GCC_WARN_UNINITIALIZED_AUTOS = YES_AGGRESSIVE;
				GCC_WARN_UNUSED_FUNCTION = YES;
				GCC_WARN_UNUSED_VARIABLE = YES;
				IPHONEOS_DEPLOYMENT_TARGET = 8.3;
				MTL_ENABLE_DEBUG_INFO = YES;
				ONLY_ACTIVE_ARCH = YES;
				SDKROOT = iphoneos;
				SWIFT_OPTIMIZATION_LEVEL = "-Onone";
			};
			name = Debug;
		};
		C205801C1B2661CC0096EEE2 /* Release */ = {
			isa = XCBuildConfiguration;
			buildSettings = {
				ALWAYS_SEARCH_USER_PATHS = NO;
				CLANG_CXX_LANGUAGE_STANDARD = "gnu++0x";
				CLANG_CXX_LIBRARY = "libc++";
				CLANG_ENABLE_MODULES = YES;
				CLANG_ENABLE_OBJC_ARC = YES;
				CLANG_WARN_BOOL_CONVERSION = YES;
				CLANG_WARN_CONSTANT_CONVERSION = YES;
				CLANG_WARN_DIRECT_OBJC_ISA_USAGE = YES_ERROR;
				CLANG_WARN_EMPTY_BODY = YES;
				CLANG_WARN_ENUM_CONVERSION = YES;
				CLANG_WARN_INT_CONVERSION = YES;
				CLANG_WARN_OBJC_ROOT_CLASS = YES_ERROR;
				CLANG_WARN_UNREACHABLE_CODE = YES;
				CLANG_WARN__DUPLICATE_METHOD_MATCH = YES;
				"CODE_SIGN_IDENTITY[sdk=iphoneos*]" = "iPhone Developer";
				COPY_PHASE_STRIP = NO;
				DEBUG_INFORMATION_FORMAT = "dwarf-with-dsym";
				ENABLE_NS_ASSERTIONS = NO;
				ENABLE_STRICT_OBJC_MSGSEND = YES;
				GCC_C_LANGUAGE_STANDARD = gnu99;
				GCC_NO_COMMON_BLOCKS = YES;
				GCC_WARN_64_TO_32_BIT_CONVERSION = YES;
				GCC_WARN_ABOUT_RETURN_TYPE = YES_ERROR;
				GCC_WARN_UNDECLARED_SELECTOR = YES;
				GCC_WARN_UNINITIALIZED_AUTOS = YES_AGGRESSIVE;
				GCC_WARN_UNUSED_FUNCTION = YES;
				GCC_WARN_UNUSED_VARIABLE = YES;
				IPHONEOS_DEPLOYMENT_TARGET = 8.3;
				MTL_ENABLE_DEBUG_INFO = NO;
				SDKROOT = iphoneos;
				VALIDATE_PRODUCT = YES;
			};
			name = Release;
		};
		C205801E1B2661CC0096EEE2 /* Debug */ = {
			isa = XCBuildConfiguration;
			buildSettings = {
				ASSETCATALOG_COMPILER_APPICON_NAME = AppIcon;
				INFOPLIST_FILE = "App Iphone/Info.plist";
				LD_RUNPATH_SEARCH_PATHS = "$(inherited) @executable_path/Frameworks";
				PRODUCT_NAME = "$(TARGET_NAME)";
			};
			name = Debug;
		};
		C205801F1B2661CC0096EEE2 /* Release */ = {
			isa = XCBuildConfiguration;
			buildSettings = {
				ASSETCATALOG_COMPILER_APPICON_NAME = AppIcon;
				INFOPLIST_FILE = "App Iphone/Info.plist";
				LD_RUNPATH_SEARCH_PATHS = "$(inherited) @executable_path/Frameworks";
				PRODUCT_NAME = "$(TARGET_NAME)";
			};
			name = Release;
		};
		C20580211B2661CC0096EEE2 /* Debug */ = {
			isa = XCBuildConfiguration;
			buildSettings = {
				BUNDLE_LOADER = "$(TEST_HOST)";
				FRAMEWORK_SEARCH_PATHS = (
					"$(SDKROOT)/Developer/Library/Frameworks",
					"$(inherited)",
				);
				GCC_PREPROCESSOR_DEFINITIONS = (
					"DEBUG=1",
					"$(inherited)",
				);
				INFOPLIST_FILE = "App IphoneTests/Info.plist";
				LD_RUNPATH_SEARCH_PATHS = "$(inherited) @executable_path/Frameworks @loader_path/Frameworks";
				PRODUCT_NAME = "$(TARGET_NAME)";
				TEST_HOST = "$(BUILT_PRODUCTS_DIR)/App Iphone.app/App Iphone";
			};
			name = Debug;
		};
		C20580221B2661CC0096EEE2 /* Release */ = {
			isa = XCBuildConfiguration;
			buildSettings = {
				BUNDLE_LOADER = "$(TEST_HOST)";
				FRAMEWORK_SEARCH_PATHS = (
					"$(SDKROOT)/Developer/Library/Frameworks",
					"$(inherited)",
				);
				INFOPLIST_FILE = "App IphoneTests/Info.plist";
				LD_RUNPATH_SEARCH_PATHS = "$(inherited) @executable_path/Frameworks @loader_path/Frameworks";
				PRODUCT_NAME = "$(TARGET_NAME)";
				TEST_HOST = "$(BUILT_PRODUCTS_DIR)/App Iphone.app/App Iphone";
			};
			name = Release;
		};
/* End XCBuildConfiguration section */

/* Begin XCConfigurationList section */
		C2057FF91B2661CB0096EEE2 /* Build configuration list for PBXProject "App Iphone" */ = {
			isa = XCConfigurationList;
			buildConfigurations = (
				C205801B1B2661CC0096EEE2 /* Debug */,
				C205801C1B2661CC0096EEE2 /* Release */,
			);
			defaultConfigurationIsVisible = 0;
			defaultConfigurationName = Release;
		};
		C205801D1B2661CC0096EEE2 /* Build configuration list for PBXNativeTarget "App Iphone" */ = {
			isa = XCConfigurationList;
			buildConfigurations = (
				C205801E1B2661CC0096EEE2 /* Debug */,
				C205801F1B2661CC0096EEE2 /* Release */,
			);
			defaultConfigurationIsVisible = 0;
		};
		C20580201B2661CC0096EEE2 /* Build configuration list for PBXNativeTarget "App IphoneTests" */ = {
			isa = XCConfigurationList;
			buildConfigurations = (
				C20580211B2661CC0096EEE2 /* Debug */,
				C20580221B2661CC0096EEE2 /* Release */,
			);
			defaultConfigurationIsVisible = 0;
		};
/* End XCConfigurationList section */
	};
	rootObject = C2057FF61B2661CB0096EEE2 /* Project object */;
}
