// !$*UTF8*$!
{
	archiveVersion = 1;
	classes = {
	};
	objectVersion = 46;
	objects = {

/* Begin PBXBuildFile section */
		C2CDFE941B38D4B300A94500 /* AppDelegate.swift in Sources */ = {isa = PBXBuildFile; fileRef = C2CDFE931B38D4B300A94500 /* AppDelegate.swift */; };
		C2CDFE961B38D4B300A94500 /* ViewController.swift in Sources */ = {isa = PBXBuildFile; fileRef = C2CDFE951B38D4B300A94500 /* ViewController.swift */; };
		C2CDFE991B38D4B300A94500 /* Main.storyboard in Resources */ = {isa = PBXBuildFile; fileRef = C2CDFE971B38D4B300A94500 /* Main.storyboard */; };
		C2CDFE9B1B38D4B300A94500 /* Images.xcassets in Resources */ = {isa = PBXBuildFile; fileRef = C2CDFE9A1B38D4B300A94500 /* Images.xcassets */; };
		C2CDFE9E1B38D4B300A94500 /* LaunchScreen.xib in Resources */ = {isa = PBXBuildFile; fileRef = C2CDFE9C1B38D4B300A94500 /* LaunchScreen.xib */; };
		C2CDFEAA1B38D4B300A94500 /* AIM_TestTests.swift in Sources */ = {isa = PBXBuildFile; fileRef = C2CDFEA91B38D4B300A94500 /* AIM_TestTests.swift */; };
		C2CDFEB41B38D4FF00A94500 /* logo.png in Resources */ = {isa = PBXBuildFile; fileRef = C2CDFEB31B38D4FF00A94500 /* logo.png */; };
		C2CDFEB61B38E31A00A94500 /* ProfileViewController.swift in Sources */ = {isa = PBXBuildFile; fileRef = C2CDFEB51B38E31A00A94500 /* ProfileViewController.swift */; };
/* End PBXBuildFile section */

/* Begin PBXContainerItemProxy section */
		C2CDFEA41B38D4B300A94500 /* PBXContainerItemProxy */ = {
			isa = PBXContainerItemProxy;
			containerPortal = C2CDFE861B38D4B300A94500 /* Project object */;
			proxyType = 1;
			remoteGlobalIDString = C2CDFE8D1B38D4B300A94500;
			remoteInfo = AIM_Test;
		};
/* End PBXContainerItemProxy section */

/* Begin PBXFileReference section */
		C2CDFE8E1B38D4B300A94500 /* AIM_Test.app */ = {isa = PBXFileReference; explicitFileType = wrapper.application; includeInIndex = 0; path = AIM_Test.app; sourceTree = BUILT_PRODUCTS_DIR; };
		C2CDFE921B38D4B300A94500 /* Info.plist */ = {isa = PBXFileReference; lastKnownFileType = text.plist.xml; path = Info.plist; sourceTree = "<group>"; };
		C2CDFE931B38D4B300A94500 /* AppDelegate.swift */ = {isa = PBXFileReference; lastKnownFileType = sourcecode.swift; path = AppDelegate.swift; sourceTree = "<group>"; };
		C2CDFE951B38D4B300A94500 /* ViewController.swift */ = {isa = PBXFileReference; lastKnownFileType = sourcecode.swift; path = ViewController.swift; sourceTree = "<group>"; };
		C2CDFE981B38D4B300A94500 /* Base */ = {isa = PBXFileReference; lastKnownFileType = file.storyboard; name = Base; path = Base.lproj/Main.storyboard; sourceTree = "<group>"; };
		C2CDFE9A1B38D4B300A94500 /* Images.xcassets */ = {isa = PBXFileReference; lastKnownFileType = folder.assetcatalog; path = Images.xcassets; sourceTree = "<group>"; };
		C2CDFE9D1B38D4B300A94500 /* Base */ = {isa = PBXFileReference; lastKnownFileType = file.xib; name = Base; path = Base.lproj/LaunchScreen.xib; sourceTree = "<group>"; };
		C2CDFEA31B38D4B300A94500 /* AIM_TestTests.xctest */ = {isa = PBXFileReference; explicitFileType = wrapper.cfbundle; includeInIndex = 0; path = AIM_TestTests.xctest; sourceTree = BUILT_PRODUCTS_DIR; };
		C2CDFEA81B38D4B300A94500 /* Info.plist */ = {isa = PBXFileReference; lastKnownFileType = text.plist.xml; path = Info.plist; sourceTree = "<group>"; };
		C2CDFEA91B38D4B300A94500 /* AIM_TestTests.swift */ = {isa = PBXFileReference; lastKnownFileType = sourcecode.swift; path = AIM_TestTests.swift; sourceTree = "<group>"; };
		C2CDFEB31B38D4FF00A94500 /* logo.png */ = {isa = PBXFileReference; lastKnownFileType = image.png; path = logo.png; sourceTree = "<group>"; };
		C2CDFEB51B38E31A00A94500 /* ProfileViewController.swift */ = {isa = PBXFileReference; fileEncoding = 4; lastKnownFileType = sourcecode.swift; path = ProfileViewController.swift; sourceTree = "<group>"; };
/* End PBXFileReference section */

/* Begin PBXFrameworksBuildPhase section */
		C2CDFE8B1B38D4B300A94500 /* Frameworks */ = {
			isa = PBXFrameworksBuildPhase;
			buildActionMask = 2147483647;
			files = (
			);
			runOnlyForDeploymentPostprocessing = 0;
		};
		C2CDFEA01B38D4B300A94500 /* Frameworks */ = {
			isa = PBXFrameworksBuildPhase;
			buildActionMask = 2147483647;
			files = (
			);
			runOnlyForDeploymentPostprocessing = 0;
		};
/* End PBXFrameworksBuildPhase section */

/* Begin PBXGroup section */
		C2CDFE851B38D4B300A94500 = {
			isa = PBXGroup;
			children = (
				C2CDFE901B38D4B300A94500 /* AIM_Test */,
				C2CDFEA61B38D4B300A94500 /* AIM_TestTests */,
				C2CDFE8F1B38D4B300A94500 /* Products */,
			);
			sourceTree = "<group>";
		};
		C2CDFE8F1B38D4B300A94500 /* Products */ = {
			isa = PBXGroup;
			children = (
				C2CDFE8E1B38D4B300A94500 /* AIM_Test.app */,
				C2CDFEA31B38D4B300A94500 /* AIM_TestTests.xctest */,
			);
			name = Products;
			sourceTree = "<group>";
		};
		C2CDFE901B38D4B300A94500 /* AIM_Test */ = {
			isa = PBXGroup;
			children = (
				C2CDFE931B38D4B300A94500 /* AppDelegate.swift */,
				C2CDFE951B38D4B300A94500 /* ViewController.swift */,
				C2CDFE971B38D4B300A94500 /* Main.storyboard */,
				C2CDFEB51B38E31A00A94500 /* ProfileViewController.swift */,
				C2CDFE9A1B38D4B300A94500 /* Images.xcassets */,
				C2CDFEB31B38D4FF00A94500 /* logo.png */,
				C2CDFE9C1B38D4B300A94500 /* LaunchScreen.xib */,
				C2CDFE911B38D4B300A94500 /* Supporting Files */,
			);
			path = AIM_Test;
			sourceTree = "<group>";
		};
		C2CDFE911B38D4B300A94500 /* Supporting Files */ = {
			isa = PBXGroup;
			children = (
				C2CDFE921B38D4B300A94500 /* Info.plist */,
			);
			name = "Supporting Files";
			sourceTree = "<group>";
		};
		C2CDFEA61B38D4B300A94500 /* AIM_TestTests */ = {
			isa = PBXGroup;
			children = (
				C2CDFEA91B38D4B300A94500 /* AIM_TestTests.swift */,
				C2CDFEA71B38D4B300A94500 /* Supporting Files */,
			);
			path = AIM_TestTests;
			sourceTree = "<group>";
		};
		C2CDFEA71B38D4B300A94500 /* Supporting Files */ = {
			isa = PBXGroup;
			children = (
				C2CDFEA81B38D4B300A94500 /* Info.plist */,
			);
			name = "Supporting Files";
			sourceTree = "<group>";
		};
/* End PBXGroup section */

/* Begin PBXNativeTarget section */
		C2CDFE8D1B38D4B300A94500 /* AIM_Test */ = {
			isa = PBXNativeTarget;
			buildConfigurationList = C2CDFEAD1B38D4B300A94500 /* Build configuration list for PBXNativeTarget "AIM_Test" */;
			buildPhases = (
				C2CDFE8A1B38D4B300A94500 /* Sources */,
				C2CDFE8B1B38D4B300A94500 /* Frameworks */,
				C2CDFE8C1B38D4B300A94500 /* Resources */,
			);
			buildRules = (
			);
			dependencies = (
			);
			name = AIM_Test;
			productName = AIM_Test;
			productReference = C2CDFE8E1B38D4B300A94500 /* AIM_Test.app */;
			productType = "com.apple.product-type.application";
		};
		C2CDFEA21B38D4B300A94500 /* AIM_TestTests */ = {
			isa = PBXNativeTarget;
			buildConfigurationList = C2CDFEB01B38D4B300A94500 /* Build configuration list for PBXNativeTarget "AIM_TestTests" */;
			buildPhases = (
				C2CDFE9F1B38D4B300A94500 /* Sources */,
				C2CDFEA01B38D4B300A94500 /* Frameworks */,
				C2CDFEA11B38D4B300A94500 /* Resources */,
			);
			buildRules = (
			);
			dependencies = (
				C2CDFEA51B38D4B300A94500 /* PBXTargetDependency */,
			);
			name = AIM_TestTests;
			productName = AIM_TestTests;
			productReference = C2CDFEA31B38D4B300A94500 /* AIM_TestTests.xctest */;
			productType = "com.apple.product-type.bundle.unit-test";
		};
/* End PBXNativeTarget section */

/* Begin PBXProject section */
		C2CDFE861B38D4B300A94500 /* Project object */ = {
			isa = PBXProject;
			attributes = {
				LastUpgradeCheck = 0630;
				ORGANIZATIONNAME = "Bruno Villela";
				TargetAttributes = {
					C2CDFE8D1B38D4B300A94500 = {
						CreatedOnToolsVersion = 6.3.2;
					};
					C2CDFEA21B38D4B300A94500 = {
						CreatedOnToolsVersion = 6.3.2;
						TestTargetID = C2CDFE8D1B38D4B300A94500;
					};
				};
			};
			buildConfigurationList = C2CDFE891B38D4B300A94500 /* Build configuration list for PBXProject "AIM_Test" */;
			compatibilityVersion = "Xcode 3.2";
			developmentRegion = English;
			hasScannedForEncodings = 0;
			knownRegions = (
				en,
				Base,
			);
			mainGroup = C2CDFE851B38D4B300A94500;
			productRefGroup = C2CDFE8F1B38D4B300A94500 /* Products */;
			projectDirPath = "";
			projectRoot = "";
			targets = (
				C2CDFE8D1B38D4B300A94500 /* AIM_Test */,
				C2CDFEA21B38D4B300A94500 /* AIM_TestTests */,
			);
		};
/* End PBXProject section */

/* Begin PBXResourcesBuildPhase section */
		C2CDFE8C1B38D4B300A94500 /* Resources */ = {
			isa = PBXResourcesBuildPhase;
			buildActionMask = 2147483647;
			files = (
				C2CDFEB41B38D4FF00A94500 /* logo.png in Resources */,
				C2CDFE991B38D4B300A94500 /* Main.storyboard in Resources */,
				C2CDFE9E1B38D4B300A94500 /* LaunchScreen.xib in Resources */,
				C2CDFE9B1B38D4B300A94500 /* Images.xcassets in Resources */,
			);
			runOnlyForDeploymentPostprocessing = 0;
		};
		C2CDFEA11B38D4B300A94500 /* Resources */ = {
			isa = PBXResourcesBuildPhase;
			buildActionMask = 2147483647;
			files = (
			);
			runOnlyForDeploymentPostprocessing = 0;
		};
/* End PBXResourcesBuildPhase section */

/* Begin PBXSourcesBuildPhase section */
		C2CDFE8A1B38D4B300A94500 /* Sources */ = {
			isa = PBXSourcesBuildPhase;
			buildActionMask = 2147483647;
			files = (
				C2CDFEB61B38E31A00A94500 /* ProfileViewController.swift in Sources */,
				C2CDFE961B38D4B300A94500 /* ViewController.swift in Sources */,
				C2CDFE941B38D4B300A94500 /* AppDelegate.swift in Sources */,
			);
			runOnlyForDeploymentPostprocessing = 0;
		};
		C2CDFE9F1B38D4B300A94500 /* Sources */ = {
			isa = PBXSourcesBuildPhase;
			buildActionMask = 2147483647;
			files = (
				C2CDFEAA1B38D4B300A94500 /* AIM_TestTests.swift in Sources */,
			);
			runOnlyForDeploymentPostprocessing = 0;
		};
/* End PBXSourcesBuildPhase section */

/* Begin PBXTargetDependency section */
		C2CDFEA51B38D4B300A94500 /* PBXTargetDependency */ = {
			isa = PBXTargetDependency;
			target = C2CDFE8D1B38D4B300A94500 /* AIM_Test */;
			targetProxy = C2CDFEA41B38D4B300A94500 /* PBXContainerItemProxy */;
		};
/* End PBXTargetDependency section */

/* Begin PBXVariantGroup section */
		C2CDFE971B38D4B300A94500 /* Main.storyboard */ = {
			isa = PBXVariantGroup;
			children = (
				C2CDFE981B38D4B300A94500 /* Base */,
			);
			name = Main.storyboard;
			sourceTree = "<group>";
		};
		C2CDFE9C1B38D4B300A94500 /* LaunchScreen.xib */ = {
			isa = PBXVariantGroup;
			children = (
				C2CDFE9D1B38D4B300A94500 /* Base */,
			);
			name = LaunchScreen.xib;
			sourceTree = "<group>";
		};
/* End PBXVariantGroup section */

/* Begin XCBuildConfiguration section */
		C2CDFEAB1B38D4B300A94500 /* Debug */ = {
			isa = XCBuildConfiguration;
			buildSettings = {
				ALWAYS_SEARCH_USER_PATHS = NO;
				CLANG_CXX_LANGUAGE_STANDARD = "gnu++0x";
				CLANG_CXX_LIBRARY = "libc++";
				CLANG_ENABLE_MODULES = YES;
				CLANG_ENABLE_OBJC_ARC = YES;
				CLANG_WARN_BOOL_CONVERSION = YES;
				CLANG_WARN_CONSTANT_CONVERSION = YES;
				CLANG_WARN_DIRECT_OBJC_ISA_USAGE = YES_ERROR;
				CLANG_WARN_EMPTY_BODY = YES;
				CLANG_WARN_ENUM_CONVERSION = YES;
				CLANG_WARN_INT_CONVERSION = YES;
				CLANG_WARN_OBJC_ROOT_CLASS = YES_ERROR;
				CLANG_WARN_UNREACHABLE_CODE = YES;
				CLANG_WARN__DUPLICATE_METHOD_MATCH = YES;
				"CODE_SIGN_IDENTITY[sdk=iphoneos*]" = "iPhone Developer";
				COPY_PHASE_STRIP = NO;
				DEBUG_INFORMATION_FORMAT = "dwarf-with-dsym";
				ENABLE_STRICT_OBJC_MSGSEND = YES;
				GCC_C_LANGUAGE_STANDARD = gnu99;
				GCC_DYNAMIC_NO_PIC = NO;
				GCC_NO_COMMON_BLOCKS = YES;
				GCC_OPTIMIZATION_LEVEL = 0;
				GCC_PREPROCESSOR_DEFINITIONS = (
					"DEBUG=1",
					"$(inherited)",
				);
				GCC_SYMBOLS_PRIVATE_EXTERN = NO;
				GCC_WARN_64_TO_32_BIT_CONVERSION = YES;
				GCC_WARN_ABOUT_RETURN_TYPE = YES_ERROR;
				GCC_WARN_UNDECLARED_SELECTOR = YES;
				GCC_WARN_UNINITIALIZED_AUTOS = YES_AGGRESSIVE;
				GCC_WARN_UNUSED_FUNCTION = YES;
				GCC_WARN_UNUSED_VARIABLE = YES;
				IPHONEOS_DEPLOYMENT_TARGET = 8.3;
				MTL_ENABLE_DEBUG_INFO = YES;
				ONLY_ACTIVE_ARCH = YES;
				SDKROOT = iphoneos;
				SWIFT_OPTIMIZATION_LEVEL = "-Onone";
			};
			name = Debug;
		};
		C2CDFEAC1B38D4B300A94500 /* Release */ = {
			isa = XCBuildConfiguration;
			buildSettings = {
				ALWAYS_SEARCH_USER_PATHS = NO;
				CLANG_CXX_LANGUAGE_STANDARD = "gnu++0x";
				CLANG_CXX_LIBRARY = "libc++";
				CLANG_ENABLE_MODULES = YES;
				CLANG_ENABLE_OBJC_ARC = YES;
				CLANG_WARN_BOOL_CONVERSION = YES;
				CLANG_WARN_CONSTANT_CONVERSION = YES;
				CLANG_WARN_DIRECT_OBJC_ISA_USAGE = YES_ERROR;
				CLANG_WARN_EMPTY_BODY = YES;
				CLANG_WARN_ENUM_CONVERSION = YES;
				CLANG_WARN_INT_CONVERSION = YES;
				CLANG_WARN_OBJC_ROOT_CLASS = YES_ERROR;
				CLANG_WARN_UNREACHABLE_CODE = YES;
				CLANG_WARN__DUPLICATE_METHOD_MATCH = YES;
				"CODE_SIGN_IDENTITY[sdk=iphoneos*]" = "iPhone Developer";
				COPY_PHASE_STRIP = NO;
				DEBUG_INFORMATION_FORMAT = "dwarf-with-dsym";
				ENABLE_NS_ASSERTIONS = NO;
				ENABLE_STRICT_OBJC_MSGSEND = YES;
				GCC_C_LANGUAGE_STANDARD = gnu99;
				GCC_NO_COMMON_BLOCKS = YES;
				GCC_WARN_64_TO_32_BIT_CONVERSION = YES;
				GCC_WARN_ABOUT_RETURN_TYPE = YES_ERROR;
				GCC_WARN_UNDECLARED_SELECTOR = YES;
				GCC_WARN_UNINITIALIZED_AUTOS = YES_AGGRESSIVE;
				GCC_WARN_UNUSED_FUNCTION = YES;
				GCC_WARN_UNUSED_VARIABLE = YES;
				IPHONEOS_DEPLOYMENT_TARGET = 8.3;
				MTL_ENABLE_DEBUG_INFO = NO;
				SDKROOT = iphoneos;
				VALIDATE_PRODUCT = YES;
			};
			name = Release;
		};
		C2CDFEAE1B38D4B300A94500 /* Debug */ = {
			isa = XCBuildConfiguration;
			buildSettings = {
				ASSETCATALOG_COMPILER_APPICON_NAME = AppIcon;
				INFOPLIST_FILE = AIM_Test/Info.plist;
				LD_RUNPATH_SEARCH_PATHS = "$(inherited) @executable_path/Frameworks";
				PRODUCT_NAME = "$(TARGET_NAME)";
			};
			name = Debug;
		};
		C2CDFEAF1B38D4B300A94500 /* Release */ = {
			isa = XCBuildConfiguration;
			buildSettings = {
				ASSETCATALOG_COMPILER_APPICON_NAME = AppIcon;
				INFOPLIST_FILE = AIM_Test/Info.plist;
				LD_RUNPATH_SEARCH_PATHS = "$(inherited) @executable_path/Frameworks";
				PRODUCT_NAME = "$(TARGET_NAME)";
			};
			name = Release;
		};
		C2CDFEB11B38D4B300A94500 /* Debug */ = {
			isa = XCBuildConfiguration;
			buildSettings = {
				BUNDLE_LOADER = "$(TEST_HOST)";
				FRAMEWORK_SEARCH_PATHS = (
					"$(SDKROOT)/Developer/Library/Frameworks",
					"$(inherited)",
				);
				GCC_PREPROCESSOR_DEFINITIONS = (
					"DEBUG=1",
					"$(inherited)",
				);
				INFOPLIST_FILE = AIM_TestTests/Info.plist;
				LD_RUNPATH_SEARCH_PATHS = "$(inherited) @executable_path/Frameworks @loader_path/Frameworks";
				PRODUCT_NAME = "$(TARGET_NAME)";
				TEST_HOST = "$(BUILT_PRODUCTS_DIR)/AIM_Test.app/AIM_Test";
			};
			name = Debug;
		};
		C2CDFEB21B38D4B300A94500 /* Release */ = {
			isa = XCBuildConfiguration;
			buildSettings = {
				BUNDLE_LOADER = "$(TEST_HOST)";
				FRAMEWORK_SEARCH_PATHS = (
					"$(SDKROOT)/Developer/Library/Frameworks",
					"$(inherited)",
				);
				INFOPLIST_FILE = AIM_TestTests/Info.plist;
				LD_RUNPATH_SEARCH_PATHS = "$(inherited) @executable_path/Frameworks @loader_path/Frameworks";
				PRODUCT_NAME = "$(TARGET_NAME)";
				TEST_HOST = "$(BUILT_PRODUCTS_DIR)/AIM_Test.app/AIM_Test";
			};
			name = Release;
		};
/* End XCBuildConfiguration section */

/* Begin XCConfigurationList section */
		C2CDFE891B38D4B300A94500 /* Build configuration list for PBXProject "AIM_Test" */ = {
			isa = XCConfigurationList;
			buildConfigurations = (
				C2CDFEAB1B38D4B300A94500 /* Debug */,
				C2CDFEAC1B38D4B300A94500 /* Release */,
			);
			defaultConfigurationIsVisible = 0;
			defaultConfigurationName = Release;
		};
		C2CDFEAD1B38D4B300A94500 /* Build configuration list for PBXNativeTarget "AIM_Test" */ = {
			isa = XCConfigurationList;
			buildConfigurations = (
				C2CDFEAE1B38D4B300A94500 /* Debug */,
				C2CDFEAF1B38D4B300A94500 /* Release */,
			);
			defaultConfigurationIsVisible = 0;
		};
		C2CDFEB01B38D4B300A94500 /* Build configuration list for PBXNativeTarget "AIM_TestTests" */ = {
			isa = XCConfigurationList;
			buildConfigurations = (
				C2CDFEB11B38D4B300A94500 /* Debug */,
				C2CDFEB21B38D4B300A94500 /* Release */,
			);
			defaultConfigurationIsVisible = 0;
		};
/* End XCConfigurationList section */
	};
	rootObject = C2CDFE861B38D4B300A94500 /* Project object */;
}
